<?xml version="1.0" encoding="UTF-8"?>
<Scheme
   LastUpgradeVersion = "0700"
   version = "2.0">
   <BuildAction
      parallelizeBuildables = "YES"
      buildImplicitDependencies = "YES">
      <BuildActionEntries>
         <BuildActionEntry
            buildForTesting = "YES"
            buildForRunning = "YES"
            buildForProfiling = "YES"
            buildForArchiving = "YES"
            buildForAnalyzing = "YES">
            <BuildableReference
               BuildableIdentifier = "primary"
               BlueprintIdentifier = "84161AE11BD5E4AC003C6455"
               BuildableName = "watchos.app"
               BlueprintName = "watchos"
               ReferencedContainer = "container:JESwitchSoundOnWatchOS2.xcodeproj">
            </BuildableReference>
         </BuildActionEntry>
         <BuildActionEntry
            buildForTesting = "YES"
            buildForRunning = "YES"
            buildForProfiling = "YES"
            buildForArchiving = "YES"
            buildForAnalyzing = "YES">
            <BuildableReference
               BuildableIdentifier = "primary"
               BlueprintIdentifier = "84161AC51BD5E458003C6455"
               BuildableName = "JESwitchSoundOnWatchOS2.app"
               BlueprintName = "JESwitchSoundOnWatchOS2"
               ReferencedContainer = "container:JESwitchSoundOnWatchOS2.xcodeproj">
            </BuildableReference>
         </BuildActionEntry>
         <BuildActionEntry
            buildForTesting = "YES"
            buildForRunning = "YES"
            buildForProfiling = "YES"
            buildForArchiving = "YES"
            buildForAnalyzing = "YES">
            <BuildableReference
               BuildableIdentifier = "primary"
               BlueprintIdentifier = "84161AED1BD5E4AC003C6455"
               BuildableName = "watchos Extension.appex"
               BlueprintName = "watchos Extension"
               ReferencedContainer = "container:JESwitchSoundOnWatchOS2.xcodeproj">
            </BuildableReference>
         </BuildActionEntry>
      </BuildActionEntries>
   </BuildAction>
   <TestAction
      buildConfiguration = "Debug"
      selectedDebuggerIdentifier = "Xcode.DebuggerFoundation.Debugger.LLDB"
      selectedLauncherIdentifier = "Xcode.DebuggerFoundation.Launcher.LLDB"
      shouldUseLaunchSchemeArgsEnv = "YES">
      <Testables>
      </Testables>
      <MacroExpansion>
         <BuildableReference
            BuildableIdentifier = "primary"
            BlueprintIdentifier = "84161AE11BD5E4AC003C6455"
            BuildableName = "watchos.app"
            BlueprintName = "watchos"
            ReferencedContainer = "container:JESwitchSoundOnWatchOS2.xcodeproj">
         </BuildableReference>
      </MacroExpansion>
      <AdditionalOptions>
      </AdditionalOptions>
   </TestAction>
   <LaunchAction
      buildConfiguration = "Debug"
      selectedDebuggerIdentifier = "Xcode.DebuggerFoundation.Debugger.LLDB"
      selectedLauncherIdentifier = "Xcode.DebuggerFoundation.Launcher.LLDB"
      launchStyle = "0"
      useCustomWorkingDirectory = "NO"
      ignoresPersistentStateOnLaunch = "NO"
      debugDocumentVersioning = "YES"
      debugServiceExtension = "internal"
      allowLocationSimulation = "YES"
      launchAutomaticallySubstyle = "8"
      notificationPayloadFile = "watchos Extension/PushNotificationPayload.apns">
      <RemoteRunnable
         runnableDebuggingMode = "2"
         BundleIdentifier = "com.apple.carousel"
         RemotePath = "/JESwitchSoundOnWatchOS2">
         <BuildableReference
            BuildableIdentifier = "primary"
            BlueprintIdentifier = "84161AE11BD5E4AC003C6455"
            BuildableName = "watchos.app"
            BlueprintName = "watchos"
            ReferencedContainer = "container:JESwitchSoundOnWatchOS2.xcodeproj">
         </BuildableReference>
      </RemoteRunnable>
      <MacroExpansion>
         <BuildableReference
            BuildableIdentifier = "primary"
            BlueprintIdentifier = "84161AE11BD5E4AC003C6455"
            BuildableName = "watchos.app"
            BlueprintName = "watchos"
            ReferencedContainer = "container:JESwitchSoundOnWatchOS2.xcodeproj">
         </BuildableReference>
      </MacroExpansion>
      <AdditionalOptions>
      </AdditionalOptions>
   </LaunchAction>
   <ProfileAction
      buildConfiguration = "Release"
      shouldUseLaunchSchemeArgsEnv = "YES"
      savedToolIdentifier = ""
      useCustomWorkingDirectory = "NO"
      debugDocumentVersioning = "YES"
      launchAutomaticallySubstyle = "8"
      notificationPayloadFile = "watchos Extension/PushNotificationPayload.apns">
      <RemoteRunnable
         runnableDebuggingMode = "2"
         BundleIdentifier = "com.apple.carousel"
         RemotePath = "/JESwitchSoundOnWatchOS2">
         <BuildableReference
            BuildableIdentifier = "primary"
            BlueprintIdentifier = "84161AE11BD5E4AC003C6455"
            BuildableName = "watchos.app"
            BlueprintName = "watchos"
            ReferencedContainer = "container:JESwitchSoundOnWatchOS2.xcodeproj">
         </BuildableReference>
      </RemoteRunnable>
      <MacroExpansion>
         <BuildableReference
            BuildableIdentifier = "primary"
            BlueprintIdentifier = "84161AE11BD5E4AC003C6455"
            BuildableName = "watchos.app"
            BlueprintName = "watchos"
            ReferencedContainer = "container:JESwitchSoundOnWatchOS2.xcodeproj">
         </BuildableReference>
      </MacroExpansion>
   </ProfileAction>
   <AnalyzeAction
      buildConfiguration = "Debug">
   </AnalyzeAction>
   <ArchiveAction
      buildConfiguration = "Release"
      revealArchiveInOrganizer = "YES">
   </ArchiveAction>
</Scheme>
